
Microsoft Visual Studio Solution File, Format Version 12.00
# Visual Studio Version 16
VisualStudioVersion = 16.0.30114.105
MinimumVisualStudioVersion = 10.0.40219.1
Project("{9092AA53-FB77-4645-B42D-1CCCA6BD08BD}") = "BoS", "BoS\BoS.njsproj", "{64E99C5A-888B-4889-B21B-32C61B97B5DC}"
EndProject
Global
	GlobalSection(SolutionConfigurationPlatforms) = preSolution
		Debug|Any CPU = Debug|Any CPU
		Release|Any CPU = Release|Any CPU
	EndGlobalSection
	GlobalSection(ProjectConfigurationPlatforms) = postSolution
		{64E99C5A-888B-4889-B21B-32C61B97B5DC}.Debug|Any CPU.ActiveCfg = Debug|Any CPU
		{64E99C5A-888B-4889-B21B-32C61B97B5DC}.Debug|Any CPU.Build.0 = Debug|Any CPU
		{64E99C5A-888B-4889-B21B-32C61B97B5DC}.Release|Any CPU.ActiveCfg = Release|Any CPU
		{64E99C5A-888B-4889-B21B-32C61B97B5DC}.Release|Any CPU.Build.0 = Release|Any CPU
	EndGlobalSection
	GlobalSection(SolutionProperties) = preSolution
		HideSolutionNode = FALSE
	EndGlobalSection
	GlobalSection(ExtensibilityGlobals) = postSolution
		SolutionGuid = {52B7F3B0-8BCE-4ABE-B9DA-3FE06AE5ED51}
	EndGlobalSection
EndGlobal
